
Microsoft Visual Studio Solution File, Format Version 12.00
# Visual Studio Version 16
VisualStudioVersion = 16.0.29123.88
MinimumVisualStudioVersion = 10.0.40219.1
Project("{9A19103F-16F7-4668-BE54-9A1E7A4F7556}") = "Forums", "Forums.csproj", "{BF9BC6A4-18A4-4E15-8AD8-9C43B837DC25}"
EndProject
Global
	GlobalSection(SolutionConfigurationPlatforms) = preSolution
		Debug|Any CPU = Debug|Any CPU
		Release|Any CPU = Release|Any CPU
	EndGlobalSection
	GlobalSection(ProjectConfigurationPlatforms) = postSolution
		{BF9BC6A4-18A4-4E15-8AD8-9C43B837DC25}.Debug|Any CPU.ActiveCfg = Debug|Any CPU
		{BF9BC6A4-18A4-4E15-8AD8-9C43B837DC25}.Debug|Any CPU.Build.0 = Debug|Any CPU
		{BF9BC6A4-18A4-4E15-8AD8-9C43B837DC25}.Release|Any CPU.ActiveCfg = Release|Any CPU
		{BF9BC6A4-18A4-4E15-8AD8-9C43B837DC25}.Release|Any CPU.Build.0 = Release|Any CPU
	EndGlobalSection
	GlobalSection(SolutionProperties) = preSolution
		HideSolutionNode = FALSE
	EndGlobalSection
	GlobalSection(ExtensibilityGlobals) = postSolution
		SolutionGuid = {4F96F959-F524-41D7-80C5-B6983CC7D2E3}
	EndGlobalSection
EndGlobal
